
Microsoft Visual Studio Solution File, Format Version 12.00
# Visual Studio 15
VisualStudioVersion = 15.0.26403.7
MinimumVisualStudioVersion = 10.0.40219.1
Project("{2150E333-8FDC-42A3-9474-1A3956D46DE8}") = "Solution Items", "Solution Items", "{432EA177-5313-4B98-9E05-8EE0FB65C37C}"
	ProjectSection(SolutionItems) = preProject
		css\blueimp-gallery.css = css\blueimp-gallery.css
		BlueImp.html = BlueImp.html
		js\BlueImp\BlueImp.js = js\BlueImp\BlueImp.js
		BlueImpStyle.css = BlueImpStyle.css
		js\Fullscreen.js = js\Fullscreen.js
		Highcharts.html = Highcharts.html
		HighchartsScript.js = HighchartsScript.js
		jquery-3.2.0.js = jquery-3.2.0.js
		js\jquery.event.move.js = js\jquery.event.move.js
		js\jquery.twentytwenty.js = js\jquery.twentytwenty.js
		MyStylesForCharts.css = MyStylesForCharts.css
		styles\style.css = styles\style.css
		TopBar.css = TopBar.css
		TweentyTweentyStyle.css = TweentyTweentyStyle.css
		twentytwenty.html = twentytwenty.html
		js\wowslider.js = js\wowslider.js
		js\WowSliderScript.js = js\WowSliderScript.js
	EndProjectSection
EndProject
Global
	GlobalSection(SolutionProperties) = preSolution
		HideSolutionNode = FALSE
	EndGlobalSection
EndGlobal
